// !$*UTF8*$!
{
	archiveVersion = 1;
	classes = {
	};
	objectVersion = 50;
	objects = {

/* Begin PBXBuildFile section */
		D0AD9EA12598B2FA00148404 /* MyGraduationProjectV1App.swift in Sources */ = {isa = PBXBuildFile; fileRef = D0AD9EA02598B2FA00148404 /* MyGraduationProjectV1App.swift */; };
		D0AD9EA32598B2FA00148404 /* ContentView.swift in Sources */ = {isa = PBXBuildFile; fileRef = D0AD9EA22598B2FA00148404 /* ContentView.swift */; };
		D0AD9EA52598B2FB00148404 /* Assets.xcassets in Resources */ = {isa = PBXBuildFile; fileRef = D0AD9EA42598B2FB00148404 /* Assets.xcassets */; };
		D0AD9EA82598B2FB00148404 /* Preview Assets.xcassets in Resources */ = {isa = PBXBuildFile; fileRef = D0AD9EA72598B2FB00148404 /* Preview Assets.xcassets */; };
		D0AD9EAA2598B2FB00148404 /* Persistence.swift in Sources */ = {isa = PBXBuildFile; fileRef = D0AD9EA92598B2FB00148404 /* Persistence.swift */; };
		D0AD9EAD2598B2FB00148404 /* MyGraduationProjectV1.xcdatamodeld in Sources */ = {isa = PBXBuildFile; fileRef = D0AD9EAB2598B2FB00148404 /* MyGraduationProjectV1.xcdatamodeld */; };
/* End PBXBuildFile section */

/* Begin PBXFileReference section */
		D0AD9E9D2598B2FA00148404 /* MyGraduationProjectV1.app */ = {isa = PBXFileReference; explicitFileType = wrapper.application; includeInIndex = 0; path = MyGraduationProjectV1.app; sourceTree = BUILT_PRODUCTS_DIR; };
		D0AD9EA02598B2FA00148404 /* MyGraduationProjectV1App.swift */ = {isa = PBXFileReference; lastKnownFileType = sourcecode.swift; path = MyGraduationProjectV1App.swift; sourceTree = "<group>"; };
		D0AD9EA22598B2FA00148404 /* ContentView.swift */ = {isa = PBXFileReference; lastKnownFileType = sourcecode.swift; path = ContentView.swift; sourceTree = "<group>"; };
		D0AD9EA42598B2FB00148404 /* Assets.xcassets */ = {isa = PBXFileReference; lastKnownFileType = folder.assetcatalog; path = Assets.xcassets; sourceTree = "<group>"; };
		D0AD9EA72598B2FB00148404 /* Preview Assets.xcassets */ = {isa = PBXFileReference; lastKnownFileType = folder.assetcatalog; path = "Preview Assets.xcassets"; sourceTree = "<group>"; };
		D0AD9EA92598B2FB00148404 /* Persistence.swift */ = {isa = PBXFileReference; lastKnownFileType = sourcecode.swift; path = Persistence.swift; sourceTree = "<group>"; };
		D0AD9EAC2598B2FB00148404 /* MyGraduationProjectV1.xcdatamodel */ = {isa = PBXFileReference; lastKnownFileType = wrapper.xcdatamodel; path = MyGraduationProjectV1.xcdatamodel; sourceTree = "<group>"; };
		D0AD9EAE2598B2FB00148404 /* Info.plist */ = {isa = PBXFileReference; lastKnownFileType = text.plist.xml; path = Info.plist; sourceTree = "<group>"; };
/* End PBXFileReference section */

/* Begin PBXFrameworksBuildPhase section */
		D0AD9E9A2598B2FA00148404 /* Frameworks */ = {
			isa = PBXFrameworksBuildPhase;
			buildActionMask = 2147483647;
			files = (
			);
			runOnlyForDeploymentPostprocessing = 0;
		};
/* End PBXFrameworksBuildPhase section */

/* Begin PBXGroup section */
		D0AD9E942598B2FA00148404 = {
			isa = PBXGroup;
			children = (
				D0AD9E9F2598B2FA00148404 /* MyGraduationProjectV1 */,
				D0AD9E9E2598B2FA00148404 /* Products */,
			);
			sourceTree = "<group>";
		};
		D0AD9E9E2598B2FA00148404 /* Products */ = {
			isa = PBXGroup;
			children = (
				D0AD9E9D2598B2FA00148404 /* MyGraduationProjectV1.app */,
			);
			name = Products;
			sourceTree = "<group>";
		};
		D0AD9E9F2598B2FA00148404 /* MyGraduationProjectV1 */ = {
			isa = PBXGroup;
			children = (
				D0AD9EA02598B2FA00148404 /* MyGraduationProjectV1App.swift */,
				D0AD9EA22598B2FA00148404 /* ContentView.swift */,
				D0AD9EA42598B2FB00148404 /* Assets.xcassets */,
				D0AD9EA92598B2FB00148404 /* Persistence.swift */,
				D0AD9EAE2598B2FB00148404 /* Info.plist */,
				D0AD9EAB2598B2FB00148404 /* MyGraduationProjectV1.xcdatamodeld */,
				D0AD9EA62598B2FB00148404 /* Preview Content */,
			);
			path = MyGraduationProjectV1;
			sourceTree = "<group>";
		};
		D0AD9EA62598B2FB00148404 /* Preview Content */ = {
			isa = PBXGroup;
			children = (
				D0AD9EA72598B2FB00148404 /* Preview Assets.xcassets */,
			);
			path = "Preview Content";
			sourceTree = "<group>";
		};
/* End PBXGroup section */

/* Begin PBXNativeTarget section */
		D0AD9E9C2598B2FA00148404 /* MyGraduationProjectV1 */ = {
			isa = PBXNativeTarget;
			buildConfigurationList = D0AD9EB12598B2FB00148404 /* Build configuration list for PBXNativeTarget "MyGraduationProjectV1" */;
			buildPhases = (
				D0AD9E992598B2FA00148404 /* Sources */,
				D0AD9E9A2598B2FA00148404 /* Frameworks */,
				D0AD9E9B2598B2FA00148404 /* Resources */,
			);
			buildRules = (
			);
			dependencies = (
			);
			name = MyGraduationProjectV1;
			productName = MyGraduationProjectV1;
			productReference = D0AD9E9D2598B2FA00148404 /* MyGraduationProjectV1.app */;
			productType = "com.apple.product-type.application";
		};
/* End PBXNativeTarget section */

/* Begin PBXProject section */
		D0AD9E952598B2FA00148404 /* Project object */ = {
			isa = PBXProject;
			attributes = {
				LastSwiftUpdateCheck = 1230;
				LastUpgradeCheck = 1230;
				TargetAttributes = {
					D0AD9E9C2598B2FA00148404 = {
						CreatedOnToolsVersion = 12.3;
					};
				};
			};
			buildConfigurationList = D0AD9E982598B2FA00148404 /* Build configuration list for PBXProject "MyGraduationProjectV1" */;
			compatibilityVersion = "Xcode 9.3";
			developmentRegion = en;
			hasScannedForEncodings = 0;
			knownRegions = (
				en,
				Base,
			);
			mainGroup = D0AD9E942598B2FA00148404;
			productRefGroup = D0AD9E9E2598B2FA00148404 /* Products */;
			projectDirPath = "";
			projectRoot = "";
			targets = (
				D0AD9E9C2598B2FA00148404 /* MyGraduationProjectV1 */,
			);
		};
/* End PBXProject section */

/* Begin PBXResourcesBuildPhase section */
		D0AD9E9B2598B2FA00148404 /* Resources */ = {
			isa = PBXResourcesBuildPhase;
			buildActionMask = 2147483647;
			files = (
				D0AD9EA82598B2FB00148404 /* Preview Assets.xcassets in Resources */,
				D0AD9EA52598B2FB00148404 /* Assets.xcassets in Resources */,
			);
			runOnlyForDeploymentPostprocessing = 0;
		};
/* End PBXResourcesBuildPhase section */

/* Begin PBXSourcesBuildPhase section */
		D0AD9E992598B2FA00148404 /* Sources */ = {
			isa = PBXSourcesBuildPhase;
			buildActionMask = 2147483647;
			files = (
				D0AD9EAD2598B2FB00148404 /* MyGraduationProjectV1.xcdatamodeld in Sources */,
				D0AD9EAA2598B2FB00148404 /* Persistence.swift in Sources */,
				D0AD9EA32598B2FA00148404 /* ContentView.swift in Sources */,
				D0AD9EA12598B2FA00148404 /* MyGraduationProjectV1App.swift in Sources */,
			);
			runOnlyForDeploymentPostprocessing = 0;
		};
/* End PBXSourcesBuildPhase section */

/* Begin XCBuildConfiguration section */
		D0AD9EAF2598B2FB00148404 /* Debug */ = {
			isa = XCBuildConfiguration;
			buildSettings = {
				ALWAYS_SEARCH_USER_PATHS = NO;
				CLANG_ANALYZER_NONNULL = YES;
				CLANG_ANALYZER_NUMBER_OBJECT_CONVERSION = YES_AGGRESSIVE;
				CLANG_CXX_LANGUAGE_STANDARD = "gnu++14";
				CLANG_CXX_LIBRARY = "libc++";
				CLANG_ENABLE_MODULES = YES;
				CLANG_ENABLE_OBJC_ARC = YES;
				CLANG_ENABLE_OBJC_WEAK = YES;
				CLANG_WARN_BLOCK_CAPTURE_AUTORELEASING = YES;
				CLANG_WARN_BOOL_CONVERSION = YES;
				CLANG_WARN_COMMA = YES;
				CLANG_WARN_CONSTANT_CONVERSION = YES;
				CLANG_WARN_DEPRECATED_OBJC_IMPLEMENTATIONS = YES;
				CLANG_WARN_DIRECT_OBJC_ISA_USAGE = YES_ERROR;
				CLANG_WARN_DOCUMENTATION_COMMENTS = YES;
				CLANG_WARN_EMPTY_BODY = YES;
				CLANG_WARN_ENUM_CONVERSION = YES;
				CLANG_WARN_INFINITE_RECURSION = YES;
				CLANG_WARN_INT_CONVERSION = YES;
				CLANG_WARN_NON_LITERAL_NULL_CONVERSION = YES;
				CLANG_WARN_OBJC_IMPLICIT_RETAIN_SELF = YES;
				CLANG_WARN_OBJC_LITERAL_CONVERSION = YES;
				CLANG_WARN_OBJC_ROOT_CLASS = YES_ERROR;
				CLANG_WARN_QUOTED_INCLUDE_IN_FRAMEWORK_HEADER = YES;
				CLANG_WARN_RANGE_LOOP_ANALYSIS = YES;
				CLANG_WARN_STRICT_PROTOTYPES = YES;
				CLANG_WARN_SUSPICIOUS_MOVE = YES;
				CLANG_WARN_UNGUARDED_AVAILABILITY = YES_AGGRESSIVE;
				CLANG_WARN_UNREACHABLE_CODE = YES;
				CLANG_WARN__DUPLICATE_METHOD_MATCH = YES;
				COPY_PHASE_STRIP = NO;
				DEBUG_INFORMATION_FORMAT = dwarf;
				ENABLE_STRICT_OBJC_MSGSEND = YES;
				ENABLE_TESTABILITY = YES;
				GCC_C_LANGUAGE_STANDARD = gnu11;
				GCC_DYNAMIC_NO_PIC = NO;
				GCC_NO_COMMON_BLOCKS = YES;
				GCC_OPTIMIZATION_LEVEL = 0;
				GCC_PREPROCESSOR_DEFINITIONS = (
					"DEBUG=1",
					"$(inherited)",
				);
				GCC_WARN_64_TO_32_BIT_CONVERSION = YES;
				GCC_WARN_ABOUT_RETURN_TYPE = YES_ERROR;
				GCC_WARN_UNDECLARED_SELECTOR = YES;
				GCC_WARN_UNINITIALIZED_AUTOS = YES_AGGRESSIVE;
				GCC_WARN_UNUSED_FUNCTION = YES;
				GCC_WARN_UNUSED_VARIABLE = YES;
				IPHONEOS_DEPLOYMENT_TARGET = 14.3;
				MTL_ENABLE_DEBUG_INFO = INCLUDE_SOURCE;
				MTL_FAST_MATH = YES;
				ONLY_ACTIVE_ARCH = YES;
				SDKROOT = iphoneos;
				SWIFT_ACTIVE_COMPILATION_CONDITIONS = DEBUG;
				SWIFT_OPTIMIZATION_LEVEL = "-Onone";
			};
			name = Debug;
		};
		D0AD9EB02598B2FB00148404 /* Release */ = {
			isa = XCBuildConfiguration;
			buildSettings = {
				ALWAYS_SEARCH_USER_PATHS = NO;
				CLANG_ANALYZER_NONNULL = YES;
				CLANG_ANALYZER_NUMBER_OBJECT_CONVERSION = YES_AGGRESSIVE;
				CLANG_CXX_LANGUAGE_STANDARD = "gnu++14";
				CLANG_CXX_LIBRARY = "libc++";
				CLANG_ENABLE_MODULES = YES;
				CLANG_ENABLE_OBJC_ARC = YES;
				CLANG_ENABLE_OBJC_WEAK = YES;
				CLANG_WARN_BLOCK_CAPTURE_AUTORELEASING = YES;
				CLANG_WARN_BOOL_CONVERSION = YES;
				CLANG_WARN_COMMA = YES;
				CLANG_WARN_CONSTANT_CONVERSION = YES;
				CLANG_WARN_DEPRECATED_OBJC_IMPLEMENTATIONS = YES;
				CLANG_WARN_DIRECT_OBJC_ISA_USAGE = YES_ERROR;
				CLANG_WARN_DOCUMENTATION_COMMENTS = YES;
				CLANG_WARN_EMPTY_BODY = YES;
				CLANG_WARN_ENUM_CONVERSION = YES;
				CLANG_WARN_INFINITE_RECURSION = YES;
				CLANG_WARN_INT_CONVERSION = YES;
				CLANG_WARN_NON_LITERAL_NULL_CONVERSION = YES;
				CLANG_WARN_OBJC_IMPLICIT_RETAIN_SELF = YES;
				CLANG_WARN_OBJC_LITERAL_CONVERSION = YES;
				CLANG_WARN_OBJC_ROOT_CLASS = YES_ERROR;
				CLANG_WARN_QUOTED_INCLUDE_IN_FRAMEWORK_HEADER = YES;
				CLANG_WARN_RANGE_LOOP_ANALYSIS = YES;
				CLANG_WARN_STRICT_PROTOTYPES = YES;
				CLANG_WARN_SUSPICIOUS_MOVE = YES;
				CLANG_WARN_UNGUARDED_AVAILABILITY = YES_AGGRESSIVE;
				CLANG_WARN_UNREACHABLE_CODE = YES;
				CLANG_WARN__DUPLICATE_METHOD_MATCH = YES;
				COPY_PHASE_STRIP = NO;
				DEBUG_INFORMATION_FORMAT = "dwarf-with-dsym";
				ENABLE_NS_ASSERTIONS = NO;
				ENABLE_STRICT_OBJC_MSGSEND = YES;
				GCC_C_LANGUAGE_STANDARD = gnu11;
				GCC_NO_COMMON_BLOCKS = YES;
				GCC_WARN_64_TO_32_BIT_CONVERSION = YES;
				GCC_WARN_ABOUT_RETURN_TYPE = YES_ERROR;
				GCC_WARN_UNDECLARED_SELECTOR = YES;
				GCC_WARN_UNINITIALIZED_AUTOS = YES_AGGRESSIVE;
				GCC_WARN_UNUSED_FUNCTION = YES;
				GCC_WARN_UNUSED_VARIABLE = YES;
				IPHONEOS_DEPLOYMENT_TARGET = 14.3;
				MTL_ENABLE_DEBUG_INFO = NO;
				MTL_FAST_MATH = YES;
				SDKROOT = iphoneos;
				SWIFT_COMPILATION_MODE = wholemodule;
				SWIFT_OPTIMIZATION_LEVEL = "-O";
				VALIDATE_PRODUCT = YES;
			};
			name = Release;
		};
		D0AD9EB22598B2FB00148404 /* Debug */ = {
			isa = XCBuildConfiguration;
			buildSettings = {
				ASSETCATALOG_COMPILER_APPICON_NAME = AppIcon;
				ASSETCATALOG_COMPILER_GLOBAL_ACCENT_COLOR_NAME = AccentColor;
				CODE_SIGN_STYLE = Automatic;
				DEVELOPMENT_ASSET_PATHS = "\"MyGraduationProjectV1/Preview Content\"";
				DEVELOPMENT_TEAM = F8JMQ7GKF7;
				ENABLE_PREVIEWS = YES;
				INFOPLIST_FILE = MyGraduationProjectV1/Info.plist;
				IPHONEOS_DEPLOYMENT_TARGET = 14.0;
				LD_RUNPATH_SEARCH_PATHS = (
					"$(inherited)",
					"@executable_path/Frameworks",
				);
				PRODUCT_BUNDLE_IDENTIFIER = cn.YES.MyGraduationProjectV1;
				PRODUCT_NAME = "$(TARGET_NAME)";
				SWIFT_VERSION = 5.0;
				TARGETED_DEVICE_FAMILY = "1,2";
			};
			name = Debug;
		};
		D0AD9EB32598B2FB00148404 /* Release */ = {
			isa = XCBuildConfiguration;
			buildSettings = {
				ASSETCATALOG_COMPILER_APPICON_NAME = AppIcon;
				ASSETCATALOG_COMPILER_GLOBAL_ACCENT_COLOR_NAME = AccentColor;
				CODE_SIGN_STYLE = Automatic;
				DEVELOPMENT_ASSET_PATHS = "\"MyGraduationProjectV1/Preview Content\"";
				DEVELOPMENT_TEAM = F8JMQ7GKF7;
				ENABLE_PREVIEWS = YES;
				INFOPLIST_FILE = MyGraduationProjectV1/Info.plist;
				IPHONEOS_DEPLOYMENT_TARGET = 14.0;
				LD_RUNPATH_SEARCH_PATHS = (
					"$(inherited)",
					"@executable_path/Frameworks",
				);
				PRODUCT_BUNDLE_IDENTIFIER = cn.YES.MyGraduationProjectV1;
				PRODUCT_NAME = "$(TARGET_NAME)";
				SWIFT_VERSION = 5.0;
				TARGETED_DEVICE_FAMILY = "1,2";
			};
			name = Release;
		};
/* End XCBuildConfiguration section */

/* Begin XCConfigurationList section */
		D0AD9E982598B2FA00148404 /* Build configuration list for PBXProject "MyGraduationProjectV1" */ = {
			isa = XCConfigurationList;
			buildConfigurations = (
				D0AD9EAF2598B2FB00148404 /* Debug */,
				D0AD9EB02598B2FB00148404 /* Release */,
			);
			defaultConfigurationIsVisible = 0;
			defaultConfigurationName = Release;
		};
		D0AD9EB12598B2FB00148404 /* Build configuration list for PBXNativeTarget "MyGraduationProjectV1" */ = {
			isa = XCConfigurationList;
			buildConfigurations = (
				D0AD9EB22598B2FB00148404 /* Debug */,
				D0AD9EB32598B2FB00148404 /* Release */,
			);
			defaultConfigurationIsVisible = 0;
			defaultConfigurationName = Release;
		};
/* End XCConfigurationList section */

/* Begin XCVersionGroup section */
		D0AD9EAB2598B2FB00148404 /* MyGraduationProjectV1.xcdatamodeld */ = {
			isa = XCVersionGroup;
			children = (
				D0AD9EAC2598B2FB00148404 /* MyGraduationProjectV1.xcdatamodel */,
			);
			currentVersion = D0AD9EAC2598B2FB00148404 /* MyGraduationProjectV1.xcdatamodel */;
			path = MyGraduationProjectV1.xcdatamodeld;
			sourceTree = "<group>";
			versionGroupType = wrapper.xcdatamodel;
		};
/* End XCVersionGroup section */
	};
	rootObject = D0AD9E952598B2FA00148404 /* Project object */;
}
